
Microsoft Visual Studio Solution File, Format Version 12.00
# Visual Studio Version 17
VisualStudioVersion = 17.7.34031.279
MinimumVisualStudioVersion = 10.0.40219.1
Project("{FAE04EC0-301F-11D3-BF4B-00C04F79EFBC}") = "Full Stack Application", "Full Stack Application\Full Stack Application.csproj", "{FFFB489B-2376-4C0A-AD11-1A6DFF853654}"
EndProject
Global
	GlobalSection(SolutionConfigurationPlatforms) = preSolution
		Debug|Any CPU = Debug|Any CPU
		Release|Any CPU = Release|Any CPU
	EndGlobalSection
	GlobalSection(ProjectConfigurationPlatforms) = postSolution
		{FFFB489B-2376-4C0A-AD11-1A6DFF853654}.Debug|Any CPU.ActiveCfg = Debug|Any CPU
		{FFFB489B-2376-4C0A-AD11-1A6DFF853654}.Debug|Any CPU.Build.0 = Debug|Any CPU
		{FFFB489B-2376-4C0A-AD11-1A6DFF853654}.Release|Any CPU.ActiveCfg = Release|Any CPU
		{FFFB489B-2376-4C0A-AD11-1A6DFF853654}.Release|Any CPU.Build.0 = Release|Any CPU
	EndGlobalSection
	GlobalSection(SolutionProperties) = preSolution
		HideSolutionNode = FALSE
	EndGlobalSection
	GlobalSection(ExtensibilityGlobals) = postSolution
		SolutionGuid = {3243238B-7576-4E7B-8AEA-E03110B72A48}
	EndGlobalSection
EndGlobal
